
Microsoft Visual Studio Solution File, Format Version 12.00
# Visual Studio Version 16
VisualStudioVersion = 16.0.29709.97
MinimumVisualStudioVersion = 10.0.40219.1
Project("{FAE04EC0-301F-11D3-BF4B-00C04F79EFBC}") = "labDel01", "labDel01.csproj", "{72DC0B7E-08AF-4375-88F0-6F2D14A0B6EF}"
EndProject
Global
	GlobalSection(SolutionConfigurationPlatforms) = preSolution
		Debug|Any CPU = Debug|Any CPU
		Release|Any CPU = Release|Any CPU
	EndGlobalSection
	GlobalSection(ProjectConfigurationPlatforms) = postSolution
		{72DC0B7E-08AF-4375-88F0-6F2D14A0B6EF}.Debug|Any CPU.ActiveCfg = Debug|Any CPU
		{72DC0B7E-08AF-4375-88F0-6F2D14A0B6EF}.Debug|Any CPU.Build.0 = Debug|Any CPU
		{72DC0B7E-08AF-4375-88F0-6F2D14A0B6EF}.Release|Any CPU.ActiveCfg = Release|Any CPU
		{72DC0B7E-08AF-4375-88F0-6F2D14A0B6EF}.Release|Any CPU.Build.0 = Release|Any CPU
	EndGlobalSection
	GlobalSection(SolutionProperties) = preSolution
		HideSolutionNode = FALSE
	EndGlobalSection
	GlobalSection(ExtensibilityGlobals) = postSolution
		SolutionGuid = {93611E01-0F8D-453A-A9EA-C5B655CA0C3F}
	EndGlobalSection
EndGlobal
